// !$*UTF8*$!
{
	archiveVersion = 1;
	classes = {
	};
	objectVersion = 45;
	objects = {

/* Begin PBXBuildFile section */
		882539010DB78B1A00C068FC /* Quartz.framework in Frameworks */ = {isa = PBXBuildFile; fileRef = 882539000DB78B1A00C068FC /* Quartz.framework */; };
		88461CB50DAD6FAC001F32ED /* CWWindow.xib in Resources */ = {isa = PBXBuildFile; fileRef = 88461CB40DAD6FAC001F32ED /* CWWindow.xib */; };
		884C70400E2D9C6100200924 /* iTunesAccess.framework in Frameworks */ = {isa = PBXBuildFile; fileRef = 884C703F0E2D9C6100200924 /* iTunesAccess.framework */; };
		88638C060DB3E70E00DC5C45 /* CWLibrary.m in Sources */ = {isa = PBXBuildFile; fileRef = 88638BFA0DB3E70E00DC5C45 /* CWLibrary.m */; };
		88638C070DB3E70E00DC5C45 /* CWArtist.m in Sources */ = {isa = PBXBuildFile; fileRef = 88638BFC0DB3E70E00DC5C45 /* CWArtist.m */; };
		88638C080DB3E70E00DC5C45 /* CWAlbum.m in Sources */ = {isa = PBXBuildFile; fileRef = 88638BFE0DB3E70E00DC5C45 /* CWAlbum.m */; };
		88638C090DB3E70E00DC5C45 /* CWTrack.m in Sources */ = {isa = PBXBuildFile; fileRef = 88638C000DB3E70E00DC5C45 /* CWTrack.m */; };
		88638C700DB3E97D00DC5C45 /* QuickLook.framework in Frameworks */ = {isa = PBXBuildFile; fileRef = 88638C6F0DB3E97D00DC5C45 /* QuickLook.framework */; };
		886E7E3B0DB7763000E75261 /* Cover Missing (TV).png in Resources */ = {isa = PBXBuildFile; fileRef = 886E7E360DB7763000E75261 /* Cover Missing (TV).png */; };
		886E7E3C0DB7763000E75261 /* Cover Missing (Podcast).png in Resources */ = {isa = PBXBuildFile; fileRef = 886E7E370DB7763000E75261 /* Cover Missing (Podcast).png */; };
		886E7E3D0DB7763000E75261 /* Cover Missing (Movie).png in Resources */ = {isa = PBXBuildFile; fileRef = 886E7E380DB7763000E75261 /* Cover Missing (Movie).png */; };
		886E7E3E0DB7763000E75261 /* Cover Missing (Book).png in Resources */ = {isa = PBXBuildFile; fileRef = 886E7E390DB7763000E75261 /* Cover Missing (Book).png */; };
		886E7E3F0DB7763000E75261 /* Cover Missing.png in Resources */ = {isa = PBXBuildFile; fileRef = 886E7E3A0DB7763000E75261 /* Cover Missing.png */; };
		8885192B0DAD077B003DFBC4 /* CWWindowController.m in Sources */ = {isa = PBXBuildFile; fileRef = 8885192A0DAD077B003DFBC4 /* CWWindowController.m */; };
		888519480DAD07E6003DFBC4 /* Plugin.xml in Resources */ = {isa = PBXBuildFile; fileRef = 8885191E0DAD06ED003DFBC4 /* Plugin.xml */; };
		88B2A0730DAC050E00280971 /* CWApplication.m in Sources */ = {isa = PBXBuildFile; fileRef = 88B2A0720DAC050E00280971 /* CWApplication.m */; };
		88B2A0760DAC057400280971 /* CWApplicationDelegate.m in Sources */ = {isa = PBXBuildFile; fileRef = 88B2A0750DAC057400280971 /* CWApplicationDelegate.m */; };
		88B2A0A70DAC081100280971 /* Blocks.framework in Frameworks */ = {isa = PBXBuildFile; fileRef = 88B2A0450DAC043900280971 /* Blocks.framework */; };
		88B2A0B40DAC086E00280971 /* BLifecycle.plugin in Copy Files (Plugins) */ = {isa = PBXBuildFile; fileRef = 88B2A04B0DAC046600280971 /* BLifecycle.plugin */; };
		88B2A0B50DAC087300280971 /* BDocuments.plugin in Copy Files (Plugins) */ = {isa = PBXBuildFile; fileRef = 88B2A0510DAC047600280971 /* BDocuments.plugin */; };
		88B2A0B60DAC087700280971 /* BUserInterface.plugin in Copy Files (Plugins) */ = {isa = PBXBuildFile; fileRef = 88B2A0570DAC048B00280971 /* BUserInterface.plugin */; };
		88B2A0B70DAC087B00280971 /* BPreferences.plugin in Copy Files (Plugins) */ = {isa = PBXBuildFile; fileRef = 88B2A05D0DAC049700280971 /* BPreferences.plugin */; };
		88B2A0B80DAC087F00280971 /* BCrashReporter.plugin in Copy Files (Plugins) */ = {isa = PBXBuildFile; fileRef = 88B2A0630DAC04A600280971 /* BCrashReporter.plugin */; };
		88B2A0B90DAC088300280971 /* BLicenseManager.plugin in Copy Files (Plugins) */ = {isa = PBXBuildFile; fileRef = 88B2A0690DAC04B400280971 /* BLicenseManager.plugin */; };
		88B2A0BA0DAC088700280971 /* BSoftwareUpdate.plugin in Copy Files (Plugins) */ = {isa = PBXBuildFile; fileRef = 88B2A06F0DAC04BE00280971 /* BSoftwareUpdate.plugin */; };
		88B2A0BC0DAC08BF00280971 /* Blocks.framework in Copy Files (Frameworks) */ = {isa = PBXBuildFile; fileRef = 88B2A0450DAC043900280971 /* Blocks.framework */; };
		88B2A0CB0DAC09BC00280971 /* Plugin.xml in Resources */ = {isa = PBXBuildFile; fileRef = 88B2A0CA0DAC09BC00280971 /* Plugin.xml */; };
		88B2A1300DAC0E0300280971 /* Blocks.framework in Frameworks */ = {isa = PBXBuildFile; fileRef = 88B2A0450DAC043900280971 /* Blocks.framework */; };
		88B2A1320DAC0E0400280971 /* Cocoa.framework in Frameworks */ = {isa = PBXBuildFile; fileRef = 1058C7A1FEA54F0111CA2CBB /* Cocoa.framework */; };
		88B2A1390DAC0E3C00280971 /* CWWindowController.plugin in Copy Files (Plugins) */ = {isa = PBXBuildFile; fileRef = 88B2A11C0DAC0CBF00280971 /* CWWindowController.plugin */; };
		88E8D7C60DAD7D6D009A57FB /* CWWindow.m in Sources */ = {isa = PBXBuildFile; fileRef = 88E8D7C50DAD7D6D009A57FB /* CWWindow.m */; };
		88E8D81A0DAD7EF9009A57FB /* QuartzCore.framework in Frameworks */ = {isa = PBXBuildFile; fileRef = 88E8D8190DAD7EF9009A57FB /* QuartzCore.framework */; };
		88E8D91A0DAD8155009A57FB /* Carbon.framework in Frameworks */ = {isa = PBXBuildFile; fileRef = 88E8D9190DAD8155009A57FB /* Carbon.framework */; };
		8D11072A0486CEB800E47090 /* MainMenu.nib in Resources */ = {isa = PBXBuildFile; fileRef = 29B97318FDCFA39411CA2CEA /* MainMenu.nib */; };
		8D11072D0486CEB800E47090 /* main.m in Sources */ = {isa = PBXBuildFile; fileRef = 29B97316FDCFA39411CA2CEA /* main.m */; settings = {ATTRIBUTES = (); }; };
		8D11072F0486CEB800E47090 /* Cocoa.framework in Frameworks */ = {isa = PBXBuildFile; fileRef = 1058C7A1FEA54F0111CA2CBB /* Cocoa.framework */; };
/* End PBXBuildFile section */

/* Begin PBXContainerItemProxy section */
		88B2A0440DAC043900280971 /* PBXContainerItemProxy */ = {
			isa = PBXContainerItemProxy;
			containerPortal = 88B2A0400DAC043900280971 /* Blocks.xcodeproj */;
			proxyType = 2;
			remoteGlobalIDString = 8DC2EF5B0486A6940098B216;
			remoteInfo = Blocks;
		};
		88B2A04A0DAC046600280971 /* PBXContainerItemProxy */ = {
			isa = PBXContainerItemProxy;
			containerPortal = 88B2A0460DAC046600280971 /* BLifecycle.xcodeproj */;
			proxyType = 2;
			remoteGlobalIDString = 8D5B49B6048680CD000E48DA;
			remoteInfo = BLifecycle;
		};
		88B2A0500DAC047600280971 /* PBXContainerItemProxy */ = {
			isa = PBXContainerItemProxy;
			containerPortal = 88B2A04C0DAC047600280971 /* BDocuments.xcodeproj */;
			proxyType = 2;
			remoteGlobalIDString = 8D5B49B6048680CD000E48DA;
			remoteInfo = BDocuments;
		};
		88B2A0560DAC048B00280971 /* PBXContainerItemProxy */ = {
			isa = PBXContainerItemProxy;
			containerPortal = 88B2A0520DAC048B00280971 /* BUserInterface.xcodeproj */;
			proxyType = 2;
			remoteGlobalIDString = 8D5B49B6048680CD000E48DA;
			remoteInfo = BUserInterface;
		};
		88B2A05C0DAC049700280971 /* PBXContainerItemProxy */ = {
			isa = PBXContainerItemProxy;
			containerPortal = 88B2A0580DAC049700280971 /* BPreferences.xcodeproj */;
			proxyType = 2;
			remoteGlobalIDString = 8D5B49B6048680CD000E48DA;
			remoteInfo = BPreferences;
		};
		88B2A0620DAC04A600280971 /* PBXContainerItemProxy */ = {
			isa = PBXContainerItemProxy;
			containerPortal = 88B2A05E0DAC04A600280971 /* BCrashReporter.xcodeproj */;
			proxyType = 2;
			remoteGlobalIDString = 8D5B49B6048680CD000E48DA;
			remoteInfo = BCrashReporter;
		};
		88B2A0680DAC04B400280971 /* PBXContainerItemProxy */ = {
			isa = PBXContainerItemProxy;
			containerPortal = 88B2A0640DAC04B400280971 /* BLicenseManager.xcodeproj */;
			proxyType = 2;
			remoteGlobalIDString = 8D5B49B6048680CD000E48DA;
			remoteInfo = BLicenseManager;
		};
		88B2A06E0DAC04BE00280971 /* PBXContainerItemProxy */ = {
			isa = PBXContainerItemProxy;
			containerPortal = 88B2A06A0DAC04BE00280971 /* BSoftwareUpdate.xcodeproj */;
			proxyType = 2;
			remoteGlobalIDString = 8D5B49B6048680CD000E48DA;
			remoteInfo = BSoftwareUpdate;
		};
		88B2A08D0DAC065800280971 /* PBXContainerItemProxy */ = {
			isa = PBXContainerItemProxy;
			containerPortal = 88B2A05E0DAC04A600280971 /* BCrashReporter.xcodeproj */;
			proxyType = 1;
			remoteGlobalIDString = 8D5B49AC048680CD000E48DA;
			remoteInfo = BCrashReporter;
		};
		88B2A08F0DAC065800280971 /* PBXContainerItemProxy */ = {
			isa = PBXContainerItemProxy;
			containerPortal = 88B2A0580DAC049700280971 /* BPreferences.xcodeproj */;
			proxyType = 1;
			remoteGlobalIDString = 8D5B49AC048680CD000E48DA;
			remoteInfo = BPreferences;
		};
		88B2A0910DAC065800280971 /* PBXContainerItemProxy */ = {
			isa = PBXContainerItemProxy;
			containerPortal = 88B2A0400DAC043900280971 /* Blocks.xcodeproj */;
			proxyType = 1;
			remoteGlobalIDString = 8DC2EF4F0486A6940098B216;
			remoteInfo = Blocks;
		};
		88B2A0930DAC065800280971 /* PBXContainerItemProxy */ = {
			isa = PBXContainerItemProxy;
			containerPortal = 88B2A06A0DAC04BE00280971 /* BSoftwareUpdate.xcodeproj */;
			proxyType = 1;
			remoteGlobalIDString = 8D5B49AC048680CD000E48DA;
			remoteInfo = BSoftwareUpdate;
		};
		88B2A0950DAC065800280971 /* PBXContainerItemProxy */ = {
			isa = PBXContainerItemProxy;
			containerPortal = 88B2A0520DAC048B00280971 /* BUserInterface.xcodeproj */;
			proxyType = 1;
			remoteGlobalIDString = 8D5B49AC048680CD000E48DA;
			remoteInfo = BUserInterface;
		};
		88B2A0970DAC065800280971 /* PBXContainerItemProxy */ = {
			isa = PBXContainerItemProxy;
			containerPortal = 88B2A04C0DAC047600280971 /* BDocuments.xcodeproj */;
			proxyType = 1;
			remoteGlobalIDString = 8D5B49AC048680CD000E48DA;
			remoteInfo = BDocuments;
		};
		88B2A0990DAC065800280971 /* PBXContainerItemProxy */ = {
			isa = PBXContainerItemProxy;
			containerPortal = 88B2A0640DAC04B400280971 /* BLicenseManager.xcodeproj */;
			proxyType = 1;
			remoteGlobalIDString = 8D5B49AC048680CD000E48DA;
			remoteInfo = BLicenseManager;
		};
		88B2A09B0DAC065800280971 /* PBXContainerItemProxy */ = {
			isa = PBXContainerItemProxy;
			containerPortal = 88B2A0460DAC046600280971 /* BLifecycle.xcodeproj */;
			proxyType = 1;
			remoteGlobalIDString = 8D5B49AC048680CD000E48DA;
			remoteInfo = BLifecycle;
		};
		88B2A1350DAC0E1700280971 /* PBXContainerItemProxy */ = {
			isa = PBXContainerItemProxy;
			containerPortal = 29B97313FDCFA39411CA2CEA /* Project object */;
			proxyType = 1;
			remoteGlobalIDString = 88B2A11B0DAC0CBF00280971;
			remoteInfo = CWArtworkWindowController;
		};
/* End PBXContainerItemProxy section */

/* Begin PBXCopyFilesBuildPhase section */
		88B2A0C00DAC08DD00280971 /* Copy Files (Frameworks) */ = {
			isa = PBXCopyFilesBuildPhase;
			buildActionMask = 2147483647;
			dstPath = "";
			dstSubfolderSpec = 10;
			files = (
				88B2A0BC0DAC08BF00280971 /* Blocks.framework in Copy Files (Frameworks) */,
			);
			name = "Copy Files (Frameworks)";
			runOnlyForDeploymentPostprocessing = 0;
		};
		88B2A0C10DAC08DD00280971 /* Copy Files (Plugins) */ = {
			isa = PBXCopyFilesBuildPhase;
			buildActionMask = 2147483647;
			dstPath = "";
			dstSubfolderSpec = 13;
			files = (
				88B2A0B40DAC086E00280971 /* BLifecycle.plugin in Copy Files (Plugins) */,
				88B2A0B50DAC087300280971 /* BDocuments.plugin in Copy Files (Plugins) */,
				88B2A0B60DAC087700280971 /* BUserInterface.plugin in Copy Files (Plugins) */,
				88B2A0B70DAC087B00280971 /* BPreferences.plugin in Copy Files (Plugins) */,
				88B2A0B80DAC087F00280971 /* BCrashReporter.plugin in Copy Files (Plugins) */,
				88B2A0B90DAC088300280971 /* BLicenseManager.plugin in Copy Files (Plugins) */,
				88B2A0BA0DAC088700280971 /* BSoftwareUpdate.plugin in Copy Files (Plugins) */,
				88B2A1390DAC0E3C00280971 /* CWWindowController.plugin in Copy Files (Plugins) */,
			);
			name = "Copy Files (Plugins)";
			runOnlyForDeploymentPostprocessing = 0;
		};
/* End PBXCopyFilesBuildPhase section */

/* Begin PBXFileReference section */
		089C165DFE840E0CC02AAC07 /* English */ = {isa = PBXFileReference; fileEncoding = 10; lastKnownFileType = text.plist.strings; name = English; path = English.lproj/InfoPlist.strings; sourceTree = "<group>"; };
		1058C7A1FEA54F0111CA2CBB /* Cocoa.framework */ = {isa = PBXFileReference; lastKnownFileType = wrapper.framework; name = Cocoa.framework; path = /System/Library/Frameworks/Cocoa.framework; sourceTree = "<absolute>"; };
		13E42FB307B3F0F600E4EEF1 /* CoreData.framework */ = {isa = PBXFileReference; lastKnownFileType = wrapper.framework; name = CoreData.framework; path = /System/Library/Frameworks/CoreData.framework; sourceTree = "<absolute>"; };
		29B97316FDCFA39411CA2CEA /* main.m */ = {isa = PBXFileReference; fileEncoding = 4; lastKnownFileType = sourcecode.c.objc; path = main.m; sourceTree = "<group>"; };
		29B97319FDCFA39411CA2CEA /* English */ = {isa = PBXFileReference; lastKnownFileType = wrapper.nib; name = English; path = English.lproj/MainMenu.nib; sourceTree = "<group>"; };
		29B97324FDCFA39411CA2CEA /* AppKit.framework */ = {isa = PBXFileReference; lastKnownFileType = wrapper.framework; name = AppKit.framework; path = /System/Library/Frameworks/AppKit.framework; sourceTree = "<absolute>"; };
		29B97325FDCFA39411CA2CEA /* Foundation.framework */ = {isa = PBXFileReference; lastKnownFileType = wrapper.framework; name = Foundation.framework; path = /System/Library/Frameworks/Foundation.framework; sourceTree = "<absolute>"; };
		32CA4F630368D1EE00C91783 /* CoverWall_Prefix.pch */ = {isa = PBXFileReference; fileEncoding = 4; lastKnownFileType = sourcecode.c.h; path = CoverWall_Prefix.pch; sourceTree = "<group>"; };
		882539000DB78B1A00C068FC /* Quartz.framework */ = {isa = PBXFileReference; lastKnownFileType = wrapper.framework; name = Quartz.framework; path = /System/Library/Frameworks/Quartz.framework; sourceTree = "<absolute>"; };
		88461CB40DAD6FAC001F32ED /* CWWindow.xib */ = {isa = PBXFileReference; lastKnownFileType = file.xib; path = CWWindow.xib; sourceTree = "<group>"; };
		884C703F0E2D9C6100200924 /* iTunesAccess.framework */ = {isa = PBXFileReference; lastKnownFileType = wrapper.framework; name = iTunesAccess.framework; path = /System/Library/PrivateFrameworks/iTunesAccess.framework; sourceTree = "<absolute>"; };
		885CE00F0DAE792A004511E2 /* CoreServices.framework */ = {isa = PBXFileReference; lastKnownFileType = wrapper.framework; name = CoreServices.framework; path = /System/Library/Frameworks/CoreServices.framework; sourceTree = "<absolute>"; };
		88638BD60DB3E6D600DC5C45 /* iTunes.h */ = {isa = PBXFileReference; fileEncoding = 4; lastKnownFileType = sourcecode.c.h; path = iTunes.h; sourceTree = "<group>"; };
		88638BEF0DB3E70E00DC5C45 /* CWLibraryView.h */ = {isa = PBXFileReference; fileEncoding = 4; lastKnownFileType = sourcecode.c.h; path = CWLibraryView.h; sourceTree = "<group>"; };
		88638BF00DB3E70E00DC5C45 /* CWLibraryView.m */ = {isa = PBXFileReference; fileEncoding = 4; lastKnownFileType = sourcecode.c.objc; path = CWLibraryView.m; sourceTree = "<group>"; };
		88638BF10DB3E70E00DC5C45 /* CWReloadLibraryOperation.h */ = {isa = PBXFileReference; fileEncoding = 4; lastKnownFileType = sourcecode.c.h; path = CWReloadLibraryOperation.h; sourceTree = "<group>"; };
		88638BF20DB3E70E00DC5C45 /* CWReloadLibraryOperation.m */ = {isa = PBXFileReference; fileEncoding = 4; lastKnownFileType = sourcecode.c.objc; path = CWReloadLibraryOperation.m; sourceTree = "<group>"; };
		88638BF30DB3E70E00DC5C45 /* CWUpdateLibraryOperation.h */ = {isa = PBXFileReference; fileEncoding = 4; lastKnownFileType = sourcecode.c.h; path = CWUpdateLibraryOperation.h; sourceTree = "<group>"; };
		88638BF40DB3E70E00DC5C45 /* CWUpdateLibraryOperation.m */ = {isa = PBXFileReference; fileEncoding = 4; lastKnownFileType = sourcecode.c.objc; path = CWUpdateLibraryOperation.m; sourceTree = "<group>"; };
		88638BF90DB3E70E00DC5C45 /* CWLibrary.h */ = {isa = PBXFileReference; fileEncoding = 4; lastKnownFileType = sourcecode.c.h; path = CWLibrary.h; sourceTree = "<group>"; };
		88638BFA0DB3E70E00DC5C45 /* CWLibrary.m */ = {isa = PBXFileReference; fileEncoding = 4; lastKnownFileType = sourcecode.c.objc; path = CWLibrary.m; sourceTree = "<group>"; };
		88638BFB0DB3E70E00DC5C45 /* CWArtist.h */ = {isa = PBXFileReference; fileEncoding = 4; lastKnownFileType = sourcecode.c.h; path = CWArtist.h; sourceTree = "<group>"; };
		88638BFC0DB3E70E00DC5C45 /* CWArtist.m */ = {isa = PBXFileReference; fileEncoding = 4; lastKnownFileType = sourcecode.c.objc; path = CWArtist.m; sourceTree = "<group>"; };
		88638BFD0DB3E70E00DC5C45 /* CWAlbum.h */ = {isa = PBXFileReference; fileEncoding = 4; lastKnownFileType = sourcecode.c.h; path = CWAlbum.h; sourceTree = "<group>"; };
		88638BFE0DB3E70E00DC5C45 /* CWAlbum.m */ = {isa = PBXFileReference; fileEncoding = 4; lastKnownFileType = sourcecode.c.objc; path = CWAlbum.m; sourceTree = "<group>"; };
		88638BFF0DB3E70E00DC5C45 /* CWTrack.h */ = {isa = PBXFileReference; fileEncoding = 4; lastKnownFileType = sourcecode.c.h; path = CWTrack.h; sourceTree = "<group>"; };
		88638C000DB3E70E00DC5C45 /* CWTrack.m */ = {isa = PBXFileReference; fileEncoding = 4; lastKnownFileType = sourcecode.c.objc; path = CWTrack.m; sourceTree = "<group>"; };
		88638C6F0DB3E97D00DC5C45 /* QuickLook.framework */ = {isa = PBXFileReference; lastKnownFileType = wrapper.framework; name = QuickLook.framework; path = /System/Library/Frameworks/QuickLook.framework; sourceTree = "<absolute>"; };
		88638DD50DB4DDBD00DC5C45 /* CWLoadArtworkThumbnailOperation.h */ = {isa = PBXFileReference; fileEncoding = 4; lastKnownFileType = sourcecode.c.h; path = CWLoadArtworkThumbnailOperation.h; sourceTree = "<group>"; };
		88638DD60DB4DDBD00DC5C45 /* CWLoadArtworkThumbnailOperation.m */ = {isa = PBXFileReference; fileEncoding = 4; lastKnownFileType = sourcecode.c.objc; path = CWLoadArtworkThumbnailOperation.m; sourceTree = "<group>"; };
		886549DD0DB84148000BB782 /* QuickLook.h */ = {isa = PBXFileReference; fileEncoding = 4; lastKnownFileType = sourcecode.c.h; path = QuickLook.h; sourceTree = "<group>"; };
		886E7E360DB7763000E75261 /* Cover Missing (TV).png */ = {isa = PBXFileReference; lastKnownFileType = image.png; path = "Cover Missing (TV).png"; sourceTree = "<group>"; };
		886E7E370DB7763000E75261 /* Cover Missing (Podcast).png */ = {isa = PBXFileReference; lastKnownFileType = image.png; path = "Cover Missing (Podcast).png"; sourceTree = "<group>"; };
		886E7E380DB7763000E75261 /* Cover Missing (Movie).png */ = {isa = PBXFileReference; lastKnownFileType = image.png; path = "Cover Missing (Movie).png"; sourceTree = "<group>"; };
		886E7E390DB7763000E75261 /* Cover Missing (Book).png */ = {isa = PBXFileReference; lastKnownFileType = image.png; path = "Cover Missing (Book).png"; sourceTree = "<group>"; };
		886E7E3A0DB7763000E75261 /* Cover Missing.png */ = {isa = PBXFileReference; lastKnownFileType = image.png; path = "Cover Missing.png"; sourceTree = "<group>"; };
		8885191E0DAD06ED003DFBC4 /* Plugin.xml */ = {isa = PBXFileReference; fileEncoding = 4; lastKnownFileType = text.xml; path = Plugin.xml; sourceTree = "<group>"; };
		888519290DAD077B003DFBC4 /* CWWindowController.h */ = {isa = PBXFileReference; fileEncoding = 4; lastKnownFileType = sourcecode.c.h; path = CWWindowController.h; sourceTree = "<group>"; };
		8885192A0DAD077B003DFBC4 /* CWWindowController.m */ = {isa = PBXFileReference; fileEncoding = 4; lastKnownFileType = sourcecode.c.objc; path = CWWindowController.m; sourceTree = "<group>"; };
		88B2A0400DAC043900280971 /* Blocks.xcodeproj */ = {isa = PBXFileReference; lastKnownFileType = "wrapper.pb-project"; name = Blocks.xcodeproj; path = ../Blocks/Blocks.xcodeproj; sourceTree = SOURCE_ROOT; };
		88B2A0460DAC046600280971 /* BLifecycle.xcodeproj */ = {isa = PBXFileReference; lastKnownFileType = "wrapper.pb-project"; name = BLifecycle.xcodeproj; path = ../BLifecycle/BLifecycle.xcodeproj; sourceTree = SOURCE_ROOT; };
		88B2A04C0DAC047600280971 /* BDocuments.xcodeproj */ = {isa = PBXFileReference; lastKnownFileType = "wrapper.pb-project"; name = BDocuments.xcodeproj; path = ../BDocuments/BDocuments.xcodeproj; sourceTree = SOURCE_ROOT; };
		88B2A0520DAC048B00280971 /* BUserInterface.xcodeproj */ = {isa = PBXFileReference; lastKnownFileType = "wrapper.pb-project"; name = BUserInterface.xcodeproj; path = ../BUserInterface/BUserInterface.xcodeproj; sourceTree = SOURCE_ROOT; };
		88B2A0580DAC049700280971 /* BPreferences.xcodeproj */ = {isa = PBXFileReference; lastKnownFileType = "wrapper.pb-project"; name = BPreferences.xcodeproj; path = ../BPreferences/BPreferences.xcodeproj; sourceTree = SOURCE_ROOT; };
		88B2A05E0DAC04A600280971 /* BCrashReporter.xcodeproj */ = {isa = PBXFileReference; lastKnownFileType = "wrapper.pb-project"; name = BCrashReporter.xcodeproj; path = ../BCrashReporter/BCrashReporter.xcodeproj; sourceTree = SOURCE_ROOT; };
		88B2A0640DAC04B400280971 /* BLicenseManager.xcodeproj */ = {isa = PBXFileReference; lastKnownFileType = "wrapper.pb-project"; name = BLicenseManager.xcodeproj; path = ../BLicenseManager/BLicenseManager.xcodeproj; sourceTree = SOURCE_ROOT; };
		88B2A06A0DAC04BE00280971 /* BSoftwareUpdate.xcodeproj */ = {isa = PBXFileReference; lastKnownFileType = "wrapper.pb-project"; name = BSoftwareUpdate.xcodeproj; path = ../BSoftwareUpdate/BSoftwareUpdate.xcodeproj; sourceTree = SOURCE_ROOT; };
		88B2A0710DAC050E00280971 /* CWApplication.h */ = {isa = PBXFileReference; fileEncoding = 4; lastKnownFileType = sourcecode.c.h; path = CWApplication.h; sourceTree = "<group>"; };
		88B2A0720DAC050E00280971 /* CWApplication.m */ = {isa = PBXFileReference; fileEncoding = 4; lastKnownFileType = sourcecode.c.objc; path = CWApplication.m; sourceTree = "<group>"; };
		88B2A0740DAC057400280971 /* CWApplicationDelegate.h */ = {isa = PBXFileReference; fileEncoding = 4; lastKnownFileType = sourcecode.c.h; path = CWApplicationDelegate.h; sourceTree = "<group>"; };
		88B2A0750DAC057400280971 /* CWApplicationDelegate.m */ = {isa = PBXFileReference; fileEncoding = 4; lastKnownFileType = sourcecode.c.objc; path = CWApplicationDelegate.m; sourceTree = "<group>"; };
		88B2A0CA0DAC09BC00280971 /* Plugin.xml */ = {isa = PBXFileReference; fileEncoding = 4; lastKnownFileType = text.xml; path = Plugin.xml; sourceTree = "<group>"; };
		88B2A11C0DAC0CBF00280971 /* CWWindowController.plugin */ = {isa = PBXFileReference; explicitFileType = wrapper.cfbundle; includeInIndex = 0; path = CWWindowController.plugin; sourceTree = BUILT_PRODUCTS_DIR; };
		88B2A1250DAC0D3200280971 /* Info.plist */ = {isa = PBXFileReference; fileEncoding = 4; lastKnownFileType = text.plist.xml; path = Info.plist; sourceTree = "<group>"; };
		88B2A1630DAC54F900280971 /* ScriptingBridge.framework */ = {isa = PBXFileReference; lastKnownFileType = wrapper.framework; name = ScriptingBridge.framework; path = ../../../../../System/Library/Frameworks/ScriptingBridge.framework; sourceTree = SOURCE_ROOT; };
		88E8D7C40DAD7D6D009A57FB /* CWWindow.h */ = {isa = PBXFileReference; fileEncoding = 4; lastKnownFileType = sourcecode.c.h; path = CWWindow.h; sourceTree = "<group>"; };
		88E8D7C50DAD7D6D009A57FB /* CWWindow.m */ = {isa = PBXFileReference; fileEncoding = 4; lastKnownFileType = sourcecode.c.objc; path = CWWindow.m; sourceTree = "<group>"; };
		88E8D8190DAD7EF9009A57FB /* QuartzCore.framework */ = {isa = PBXFileReference; lastKnownFileType = wrapper.framework; name = QuartzCore.framework; path = /System/Library/Frameworks/QuartzCore.framework; sourceTree = "<absolute>"; };
		88E8D9190DAD8155009A57FB /* Carbon.framework */ = {isa = PBXFileReference; lastKnownFileType = wrapper.framework; name = Carbon.framework; path = /System/Library/Frameworks/Carbon.framework; sourceTree = "<absolute>"; };
		8D1107310486CEB800E47090 /* Info.plist */ = {isa = PBXFileReference; fileEncoding = 4; lastKnownFileType = text.plist.xml; path = Info.plist; sourceTree = "<group>"; };
		8D1107320486CEB800E47090 /* CoverWall.app */ = {isa = PBXFileReference; explicitFileType = wrapper.application; includeInIndex = 0; path = CoverWall.app; sourceTree = BUILT_PRODUCTS_DIR; };
/* End PBXFileReference section */

/* Begin PBXFrameworksBuildPhase section */
		88B2A11A0DAC0CBF00280971 /* Frameworks */ = {
			isa = PBXFrameworksBuildPhase;
			buildActionMask = 2147483647;
			files = (
				88B2A1320DAC0E0400280971 /* Cocoa.framework in Frameworks */,
				88B2A1300DAC0E0300280971 /* Blocks.framework in Frameworks */,
				88E8D81A0DAD7EF9009A57FB /* QuartzCore.framework in Frameworks */,
				88E8D91A0DAD8155009A57FB /* Carbon.framework in Frameworks */,
				88638C700DB3E97D00DC5C45 /* QuickLook.framework in Frameworks */,
				882539010DB78B1A00C068FC /* Quartz.framework in Frameworks */,
				884C70400E2D9C6100200924 /* iTunesAccess.framework in Frameworks */,
			);
			runOnlyForDeploymentPostprocessing = 0;
		};
		8D11072E0486CEB800E47090 /* Frameworks */ = {
			isa = PBXFrameworksBuildPhase;
			buildActionMask = 2147483647;
			files = (
				8D11072F0486CEB800E47090 /* Cocoa.framework in Frameworks */,
				88B2A0A70DAC081100280971 /* Blocks.framework in Frameworks */,
			);
			runOnlyForDeploymentPostprocessing = 0;
		};
/* End PBXFrameworksBuildPhase section */

/* Begin PBXGroup section */
		080E96DDFE201D6D7F000001 /* Classes */ = {
			isa = PBXGroup;
			children = (
				88B2A0710DAC050E00280971 /* CWApplication.h */,
				88B2A0720DAC050E00280971 /* CWApplication.m */,
				88B2A0740DAC057400280971 /* CWApplicationDelegate.h */,
				88B2A0750DAC057400280971 /* CWApplicationDelegate.m */,
			);
			name = Classes;
			sourceTree = "<group>";
		};
		1058C7A0FEA54F0111CA2CBB /* Linked Frameworks */ = {
			isa = PBXGroup;
			children = (
				1058C7A1FEA54F0111CA2CBB /* Cocoa.framework */,
			);
			name = "Linked Frameworks";
			sourceTree = "<group>";
		};
		1058C7A2FEA54F0111CA2CBB /* Other Frameworks */ = {
			isa = PBXGroup;
			children = (
				884C703F0E2D9C6100200924 /* iTunesAccess.framework */,
				882539000DB78B1A00C068FC /* Quartz.framework */,
				88638C6F0DB3E97D00DC5C45 /* QuickLook.framework */,
				885CE00F0DAE792A004511E2 /* CoreServices.framework */,
				88E8D9190DAD8155009A57FB /* Carbon.framework */,
				29B97324FDCFA39411CA2CEA /* AppKit.framework */,
				13E42FB307B3F0F600E4EEF1 /* CoreData.framework */,
				29B97325FDCFA39411CA2CEA /* Foundation.framework */,
				88B2A1630DAC54F900280971 /* ScriptingBridge.framework */,
				88E8D8190DAD7EF9009A57FB /* QuartzCore.framework */,
			);
			name = "Other Frameworks";
			sourceTree = "<group>";
		};
		19C28FACFE9D520D11CA2CBB /* Products */ = {
			isa = PBXGroup;
			children = (
				8D1107320486CEB800E47090 /* CoverWall.app */,
				88B2A11C0DAC0CBF00280971 /* CWWindowController.plugin */,
			);
			name = Products;
			sourceTree = "<group>";
		};
		29B97314FDCFA39411CA2CEA /* CoverWall */ = {
			isa = PBXGroup;
			children = (
				88B2A0400DAC043900280971 /* Blocks.xcodeproj */,
				88B2A0460DAC046600280971 /* BLifecycle.xcodeproj */,
				88B2A04C0DAC047600280971 /* BDocuments.xcodeproj */,
				88B2A0520DAC048B00280971 /* BUserInterface.xcodeproj */,
				88B2A0580DAC049700280971 /* BPreferences.xcodeproj */,
				88B2A05E0DAC04A600280971 /* BCrashReporter.xcodeproj */,
				88B2A0640DAC04B400280971 /* BLicenseManager.xcodeproj */,
				88B2A06A0DAC04BE00280971 /* BSoftwareUpdate.xcodeproj */,
				080E96DDFE201D6D7F000001 /* Classes */,
				29B97315FDCFA39411CA2CEA /* Other Sources */,
				29B97317FDCFA39411CA2CEA /* Resources */,
				88B2A0780DAC05E700280971 /* Plugins */,
				29B97323FDCFA39411CA2CEA /* Frameworks */,
				19C28FACFE9D520D11CA2CBB /* Products */,
			);
			name = CoverWall;
			sourceTree = "<group>";
		};
		29B97315FDCFA39411CA2CEA /* Other Sources */ = {
			isa = PBXGroup;
			children = (
				32CA4F630368D1EE00C91783 /* CoverWall_Prefix.pch */,
				29B97316FDCFA39411CA2CEA /* main.m */,
			);
			name = "Other Sources";
			sourceTree = "<group>";
		};
		29B97317FDCFA39411CA2CEA /* Resources */ = {
			isa = PBXGroup;
			children = (
				8D1107310486CEB800E47090 /* Info.plist */,
				88B2A0CA0DAC09BC00280971 /* Plugin.xml */,
				089C165CFE840E0CC02AAC07 /* InfoPlist.strings */,
				29B97318FDCFA39411CA2CEA /* MainMenu.nib */,
			);
			name = Resources;
			sourceTree = "<group>";
		};
		29B97323FDCFA39411CA2CEA /* Frameworks */ = {
			isa = PBXGroup;
			children = (
				1058C7A0FEA54F0111CA2CBB /* Linked Frameworks */,
				1058C7A2FEA54F0111CA2CBB /* Other Frameworks */,
			);
			name = Frameworks;
			sourceTree = "<group>";
		};
		8825398F0DB7925800C068FC /* OLD */ = {
			isa = PBXGroup;
			children = (
				88638BEF0DB3E70E00DC5C45 /* CWLibraryView.h */,
				88638BF00DB3E70E00DC5C45 /* CWLibraryView.m */,
				88638BF10DB3E70E00DC5C45 /* CWReloadLibraryOperation.h */,
				88638BF20DB3E70E00DC5C45 /* CWReloadLibraryOperation.m */,
				88638BF30DB3E70E00DC5C45 /* CWUpdateLibraryOperation.h */,
				88638BF40DB3E70E00DC5C45 /* CWUpdateLibraryOperation.m */,
				88638DD50DB4DDBD00DC5C45 /* CWLoadArtworkThumbnailOperation.h */,
				88638DD60DB4DDBD00DC5C45 /* CWLoadArtworkThumbnailOperation.m */,
			);
			name = OLD;
			sourceTree = "<group>";
		};
		88638C0B0DB3E72000DC5C45 /* Library */ = {
			isa = PBXGroup;
			children = (
				88638BF90DB3E70E00DC5C45 /* CWLibrary.h */,
				88638BFA0DB3E70E00DC5C45 /* CWLibrary.m */,
				88638BFB0DB3E70E00DC5C45 /* CWArtist.h */,
				88638BFC0DB3E70E00DC5C45 /* CWArtist.m */,
				88638BFD0DB3E70E00DC5C45 /* CWAlbum.h */,
				88638BFE0DB3E70E00DC5C45 /* CWAlbum.m */,
				88638BFF0DB3E70E00DC5C45 /* CWTrack.h */,
				88638C000DB3E70E00DC5C45 /* CWTrack.m */,
			);
			name = Library;
			sourceTree = "<group>";
		};
		88638C0C0DB3E74500DC5C45 /* Views */ = {
			isa = PBXGroup;
			children = (
				886549DD0DB84148000BB782 /* QuickLook.h */,
				88E8D7C40DAD7D6D009A57FB /* CWWindow.h */,
				88E8D7C50DAD7D6D009A57FB /* CWWindow.m */,
				888519290DAD077B003DFBC4 /* CWWindowController.h */,
				8885192A0DAD077B003DFBC4 /* CWWindowController.m */,
			);
			name = Views;
			sourceTree = "<group>";
		};
		888519200DAD06F3003DFBC4 /* Resources */ = {
			isa = PBXGroup;
			children = (
				88B2A1250DAC0D3200280971 /* Info.plist */,
				8885191E0DAD06ED003DFBC4 /* Plugin.xml */,
				88461CB40DAD6FAC001F32ED /* CWWindow.xib */,
				886E7E360DB7763000E75261 /* Cover Missing (TV).png */,
				886E7E370DB7763000E75261 /* Cover Missing (Podcast).png */,
				886E7E380DB7763000E75261 /* Cover Missing (Movie).png */,
				886E7E390DB7763000E75261 /* Cover Missing (Book).png */,
				886E7E3A0DB7763000E75261 /* Cover Missing.png */,
			);
			name = Resources;
			sourceTree = "<group>";
		};
		88B2A0410DAC043900280971 /* Products */ = {
			isa = PBXGroup;
			children = (
				88B2A0450DAC043900280971 /* Blocks.framework */,
			);
			name = Products;
			sourceTree = "<group>";
		};
		88B2A0470DAC046600280971 /* Products */ = {
			isa = PBXGroup;
			children = (
				88B2A04B0DAC046600280971 /* BLifecycle.plugin */,
			);
			name = Products;
			sourceTree = "<group>";
		};
		88B2A04D0DAC047600280971 /* Products */ = {
			isa = PBXGroup;
			children = (
				88B2A0510DAC047600280971 /* BDocuments.plugin */,
			);
			name = Products;
			sourceTree = "<group>";
		};
		88B2A0530DAC048B00280971 /* Products */ = {
			isa = PBXGroup;
			children = (
				88B2A0570DAC048B00280971 /* BUserInterface.plugin */,
			);
			name = Products;
			sourceTree = "<group>";
		};
		88B2A0590DAC049700280971 /* Products */ = {
			isa = PBXGroup;
			children = (
				88B2A05D0DAC049700280971 /* BPreferences.plugin */,
			);
			name = Products;
			sourceTree = "<group>";
		};
		88B2A05F0DAC04A600280971 /* Products */ = {
			isa = PBXGroup;
			children = (
				88B2A0630DAC04A600280971 /* BCrashReporter.plugin */,
			);
			name = Products;
			sourceTree = "<group>";
		};
		88B2A0650DAC04B400280971 /* Products */ = {
			isa = PBXGroup;
			children = (
				88B2A0690DAC04B400280971 /* BLicenseManager.plugin */,
			);
			name = Products;
			sourceTree = "<group>";
		};
		88B2A06B0DAC04BE00280971 /* Products */ = {
			isa = PBXGroup;
			children = (
				88B2A06F0DAC04BE00280971 /* BSoftwareUpdate.plugin */,
			);
			name = Products;
			sourceTree = "<group>";
		};
		88B2A0780DAC05E700280971 /* Plugins */ = {
			isa = PBXGroup;
			children = (
				88B2A1240DAC0D3200280971 /* CWWindowController */,
			);
			path = Plugins;
			sourceTree = "<group>";
		};
		88B2A1240DAC0D3200280971 /* CWWindowController */ = {
			isa = PBXGroup;
			children = (
				88638BD60DB3E6D600DC5C45 /* iTunes.h */,
				88638C0B0DB3E72000DC5C45 /* Library */,
				88638C0C0DB3E74500DC5C45 /* Views */,
				8825398F0DB7925800C068FC /* OLD */,
				888519200DAD06F3003DFBC4 /* Resources */,
			);
			path = CWWindowController;
			sourceTree = "<group>";
		};
/* End PBXGroup section */

/* Begin PBXNativeTarget section */
		88B2A11B0DAC0CBF00280971 /* CWWindowController */ = {
			isa = PBXNativeTarget;
			buildConfigurationList = 88B2A1200DAC0CC000280971 /* Build configuration list for PBXNativeTarget "CWWindowController" */;
			buildPhases = (
				88B2A1180DAC0CBF00280971 /* Resources */,
				88B2A1190DAC0CBF00280971 /* Sources */,
				88B2A11A0DAC0CBF00280971 /* Frameworks */,
			);
			buildRules = (
			);
			dependencies = (
			);
			name = CWWindowController;
			productName = CWArtworkWindowController;
			productReference = 88B2A11C0DAC0CBF00280971 /* CWWindowController.plugin */;
			productType = "com.apple.product-type.bundle";
		};
		8D1107260486CEB800E47090 /* CoverWall */ = {
			isa = PBXNativeTarget;
			buildConfigurationList = C01FCF4A08A954540054247B /* Build configuration list for PBXNativeTarget "CoverWall" */;
			buildPhases = (
				8D1107290486CEB800E47090 /* Resources */,
				8D11072C0486CEB800E47090 /* Sources */,
				88B2A0C00DAC08DD00280971 /* Copy Files (Frameworks) */,
				88B2A0C10DAC08DD00280971 /* Copy Files (Plugins) */,
				8D11072E0486CEB800E47090 /* Frameworks */,
			);
			buildRules = (
			);
			dependencies = (
				88B2A0920DAC065800280971 /* PBXTargetDependency */,
				88B2A08E0DAC065800280971 /* PBXTargetDependency */,
				88B2A0900DAC065800280971 /* PBXTargetDependency */,
				88B2A0940DAC065800280971 /* PBXTargetDependency */,
				88B2A0960DAC065800280971 /* PBXTargetDependency */,
				88B2A0980DAC065800280971 /* PBXTargetDependency */,
				88B2A09A0DAC065800280971 /* PBXTargetDependency */,
				88B2A09C0DAC065800280971 /* PBXTargetDependency */,
				88B2A1360DAC0E1700280971 /* PBXTargetDependency */,
			);
			name = CoverWall;
			productInstallPath = "$(HOME)/Applications";
			productName = CoverWall;
			productReference = 8D1107320486CEB800E47090 /* CoverWall.app */;
			productType = "com.apple.product-type.application";
		};
/* End PBXNativeTarget section */

/* Begin PBXProject section */
		29B97313FDCFA39411CA2CEA /* Project object */ = {
			isa = PBXProject;
			buildConfigurationList = C01FCF4E08A954540054247B /* Build configuration list for PBXProject "CoverWall" */;
			compatibilityVersion = "Xcode 3.1";
			hasScannedForEncodings = 1;
			mainGroup = 29B97314FDCFA39411CA2CEA /* CoverWall */;
			projectDirPath = "";
			projectReferences = (
				{
					ProductGroup = 88B2A05F0DAC04A600280971 /* Products */;
					ProjectRef = 88B2A05E0DAC04A600280971 /* BCrashReporter.xcodeproj */;
				},
				{
					ProductGroup = 88B2A04D0DAC047600280971 /* Products */;
					ProjectRef = 88B2A04C0DAC047600280971 /* BDocuments.xcodeproj */;
				},
				{
					ProductGroup = 88B2A0650DAC04B400280971 /* Products */;
					ProjectRef = 88B2A0640DAC04B400280971 /* BLicenseManager.xcodeproj */;
				},
				{
					ProductGroup = 88B2A0470DAC046600280971 /* Products */;
					ProjectRef = 88B2A0460DAC046600280971 /* BLifecycle.xcodeproj */;
				},
				{
					ProductGroup = 88B2A0410DAC043900280971 /* Products */;
					ProjectRef = 88B2A0400DAC043900280971 /* Blocks.xcodeproj */;
				},
				{
					ProductGroup = 88B2A0590DAC049700280971 /* Products */;
					ProjectRef = 88B2A0580DAC049700280971 /* BPreferences.xcodeproj */;
				},
				{
					ProductGroup = 88B2A06B0DAC04BE00280971 /* Products */;
					ProjectRef = 88B2A06A0DAC04BE00280971 /* BSoftwareUpdate.xcodeproj */;
				},
				{
					ProductGroup = 88B2A0530DAC048B00280971 /* Products */;
					ProjectRef = 88B2A0520DAC048B00280971 /* BUserInterface.xcodeproj */;
				},
			);
			projectRoot = "";
			targets = (
				8D1107260486CEB800E47090 /* CoverWall */,
				88B2A11B0DAC0CBF00280971 /* CWWindowController */,
			);
		};
/* End PBXProject section */

/* Begin PBXReferenceProxy section */
		88B2A0450DAC043900280971 /* Blocks.framework */ = {
			isa = PBXReferenceProxy;
			fileType = wrapper.framework;
			path = Blocks.framework;
			remoteRef = 88B2A0440DAC043900280971 /* PBXContainerItemProxy */;
			sourceTree = BUILT_PRODUCTS_DIR;
		};
		88B2A04B0DAC046600280971 /* BLifecycle.plugin */ = {
			isa = PBXReferenceProxy;
			fileType = wrapper.cfbundle;
			path = BLifecycle.plugin;
			remoteRef = 88B2A04A0DAC046600280971 /* PBXContainerItemProxy */;
			sourceTree = BUILT_PRODUCTS_DIR;
		};
		88B2A0510DAC047600280971 /* BDocuments.plugin */ = {
			isa = PBXReferenceProxy;
			fileType = wrapper.cfbundle;
			path = BDocuments.plugin;
			remoteRef = 88B2A0500DAC047600280971 /* PBXContainerItemProxy */;
			sourceTree = BUILT_PRODUCTS_DIR;
		};
		88B2A0570DAC048B00280971 /* BUserInterface.plugin */ = {
			isa = PBXReferenceProxy;
			fileType = wrapper.cfbundle;
			path = BUserInterface.plugin;
			remoteRef = 88B2A0560DAC048B00280971 /* PBXContainerItemProxy */;
			sourceTree = BUILT_PRODUCTS_DIR;
		};
		88B2A05D0DAC049700280971 /* BPreferences.plugin */ = {
			isa = PBXReferenceProxy;
			fileType = wrapper.cfbundle;
			path = BPreferences.plugin;
			remoteRef = 88B2A05C0DAC049700280971 /* PBXContainerItemProxy */;
			sourceTree = BUILT_PRODUCTS_DIR;
		};
		88B2A0630DAC04A600280971 /* BCrashReporter.plugin */ = {
			isa = PBXReferenceProxy;
			fileType = wrapper.cfbundle;
			path = BCrashReporter.plugin;
			remoteRef = 88B2A0620DAC04A600280971 /* PBXContainerItemProxy */;
			sourceTree = BUILT_PRODUCTS_DIR;
		};
		88B2A0690DAC04B400280971 /* BLicenseManager.plugin */ = {
			isa = PBXReferenceProxy;
			fileType = wrapper.cfbundle;
			path = BLicenseManager.plugin;
			remoteRef = 88B2A0680DAC04B400280971 /* PBXContainerItemProxy */;
			sourceTree = BUILT_PRODUCTS_DIR;
		};
		88B2A06F0DAC04BE00280971 /* BSoftwareUpdate.plugin */ = {
			isa = PBXReferenceProxy;
			fileType = wrapper.cfbundle;
			path = BSoftwareUpdate.plugin;
			remoteRef = 88B2A06E0DAC04BE00280971 /* PBXContainerItemProxy */;
			sourceTree = BUILT_PRODUCTS_DIR;
		};
/* End PBXReferenceProxy section */

/* Begin PBXResourcesBuildPhase section */
		88B2A1180DAC0CBF00280971 /* Resources */ = {
			isa = PBXResourcesBuildPhase;
			buildActionMask = 2147483647;
			files = (
				888519480DAD07E6003DFBC4 /* Plugin.xml in Resources */,
				88461CB50DAD6FAC001F32ED /* CWWindow.xib in Resources */,
				886E7E3B0DB7763000E75261 /* Cover Missing (TV).png in Resources */,
				886E7E3C0DB7763000E75261 /* Cover Missing (Podcast).png in Resources */,
				886E7E3D0DB7763000E75261 /* Cover Missing (Movie).png in Resources */,
				886E7E3E0DB7763000E75261 /* Cover Missing (Book).png in Resources */,
				886E7E3F0DB7763000E75261 /* Cover Missing.png in Resources */,
			);
			runOnlyForDeploymentPostprocessing = 0;
		};
		8D1107290486CEB800E47090 /* Resources */ = {
			isa = PBXResourcesBuildPhase;
			buildActionMask = 2147483647;
			files = (
				8D11072A0486CEB800E47090 /* MainMenu.nib in Resources */,
				88B2A0CB0DAC09BC00280971 /* Plugin.xml in Resources */,
			);
			runOnlyForDeploymentPostprocessing = 0;
		};
/* End PBXResourcesBuildPhase section */

/* Begin PBXSourcesBuildPhase section */
		88B2A1190DAC0CBF00280971 /* Sources */ = {
			isa = PBXSourcesBuildPhase;
			buildActionMask = 2147483647;
			files = (
				8885192B0DAD077B003DFBC4 /* CWWindowController.m in Sources */,
				88E8D7C60DAD7D6D009A57FB /* CWWindow.m in Sources */,
				88638C060DB3E70E00DC5C45 /* CWLibrary.m in Sources */,
				88638C070DB3E70E00DC5C45 /* CWArtist.m in Sources */,
				88638C080DB3E70E00DC5C45 /* CWAlbum.m in Sources */,
				88638C090DB3E70E00DC5C45 /* CWTrack.m in Sources */,
			);
			runOnlyForDeploymentPostprocessing = 0;
		};
		8D11072C0486CEB800E47090 /* Sources */ = {
			isa = PBXSourcesBuildPhase;
			buildActionMask = 2147483647;
			files = (
				8D11072D0486CEB800E47090 /* main.m in Sources */,
				88B2A0730DAC050E00280971 /* CWApplication.m in Sources */,
				88B2A0760DAC057400280971 /* CWApplicationDelegate.m in Sources */,
			);
			runOnlyForDeploymentPostprocessing = 0;
		};
/* End PBXSourcesBuildPhase section */

/* Begin PBXTargetDependency section */
		88B2A08E0DAC065800280971 /* PBXTargetDependency */ = {
			isa = PBXTargetDependency;
			name = BCrashReporter;
			targetProxy = 88B2A08D0DAC065800280971 /* PBXContainerItemProxy */;
		};
		88B2A0900DAC065800280971 /* PBXTargetDependency */ = {
			isa = PBXTargetDependency;
			name = BPreferences;
			targetProxy = 88B2A08F0DAC065800280971 /* PBXContainerItemProxy */;
		};
		88B2A0920DAC065800280971 /* PBXTargetDependency */ = {
			isa = PBXTargetDependency;
			name = Blocks;
			targetProxy = 88B2A0910DAC065800280971 /* PBXContainerItemProxy */;
		};
		88B2A0940DAC065800280971 /* PBXTargetDependency */ = {
			isa = PBXTargetDependency;
			name = BSoftwareUpdate;
			targetProxy = 88B2A0930DAC065800280971 /* PBXContainerItemProxy */;
		};
		88B2A0960DAC065800280971 /* PBXTargetDependency */ = {
			isa = PBXTargetDependency;
			name = BUserInterface;
			targetProxy = 88B2A0950DAC065800280971 /* PBXContainerItemProxy */;
		};
		88B2A0980DAC065800280971 /* PBXTargetDependency */ = {
			isa = PBXTargetDependency;
			name = BDocuments;
			targetProxy = 88B2A0970DAC065800280971 /* PBXContainerItemProxy */;
		};
		88B2A09A0DAC065800280971 /* PBXTargetDependency */ = {
			isa = PBXTargetDependency;
			name = BLicenseManager;
			targetProxy = 88B2A0990DAC065800280971 /* PBXContainerItemProxy */;
		};
		88B2A09C0DAC065800280971 /* PBXTargetDependency */ = {
			isa = PBXTargetDependency;
			name = BLifecycle;
			targetProxy = 88B2A09B0DAC065800280971 /* PBXContainerItemProxy */;
		};
		88B2A1360DAC0E1700280971 /* PBXTargetDependency */ = {
			isa = PBXTargetDependency;
			target = 88B2A11B0DAC0CBF00280971 /* CWWindowController */;
			targetProxy = 88B2A1350DAC0E1700280971 /* PBXContainerItemProxy */;
		};
/* End PBXTargetDependency section */

/* Begin PBXVariantGroup section */
		089C165CFE840E0CC02AAC07 /* InfoPlist.strings */ = {
			isa = PBXVariantGroup;
			children = (
				089C165DFE840E0CC02AAC07 /* English */,
			);
			name = InfoPlist.strings;
			sourceTree = "<group>";
		};
		29B97318FDCFA39411CA2CEA /* MainMenu.nib */ = {
			isa = PBXVariantGroup;
			children = (
				29B97319FDCFA39411CA2CEA /* English */,
			);
			name = MainMenu.nib;
			sourceTree = "<group>";
		};
/* End PBXVariantGroup section */

/* Begin XCBuildConfiguration section */
		88B2A11E0DAC0CC000280971 /* Debug */ = {
			isa = XCBuildConfiguration;
			buildSettings = {
				ALWAYS_SEARCH_USER_PATHS = NO;
				ARCHS = "$(ARCHS_STANDARD_32_BIT)";
				COPY_PHASE_STRIP = NO;
				FRAMEWORK_SEARCH_PATHS = (
					"$(inherited)",
					"\"$(SYSTEM_LIBRARY_DIR)/PrivateFrameworks\"",
				);
				GCC_DYNAMIC_NO_PIC = NO;
				GCC_ENABLE_FIX_AND_CONTINUE = YES;
				GCC_MODEL_TUNING = G5;
				GCC_OPTIMIZATION_LEVEL = 0;
				GCC_PRECOMPILE_PREFIX_HEADER = YES;
				GCC_PREFIX_HEADER = "$(SYSTEM_LIBRARY_DIR)/Frameworks/AppKit.framework/Headers/AppKit.h";
				HEADER_SEARCH_PATHS = "../BDocuments/**";
				INFOPLIST_FILE = Plugins/CWWindowController/Info.plist;
				INSTALL_PATH = "$(HOME)/Library/Bundles";
				OTHER_LDFLAGS = (
					"-framework",
					Foundation,
					"-framework",
					AppKit,
					"-undefined",
					dynamic_lookup,
				);
				PREBINDING = NO;
				PRODUCT_NAME = CWWindowController;
				WRAPPER_EXTENSION = plugin;
			};
			name = Debug;
		};
		88B2A11F0DAC0CC000280971 /* Release */ = {
			isa = XCBuildConfiguration;
			buildSettings = {
				ALWAYS_SEARCH_USER_PATHS = NO;
				ARCHS = "$(ARCHS_STANDARD_32_BIT)";
				COPY_PHASE_STRIP = YES;
				DEBUG_INFORMATION_FORMAT = "dwarf-with-dsym";
				FRAMEWORK_SEARCH_PATHS = (
					"$(inherited)",
					"\"$(SYSTEM_LIBRARY_DIR)/PrivateFrameworks\"",
				);
				GCC_ENABLE_FIX_AND_CONTINUE = NO;
				GCC_MODEL_TUNING = G5;
				GCC_PRECOMPILE_PREFIX_HEADER = YES;
				GCC_PREFIX_HEADER = "$(SYSTEM_LIBRARY_DIR)/Frameworks/AppKit.framework/Headers/AppKit.h";
				HEADER_SEARCH_PATHS = "../BDocuments/**";
				INFOPLIST_FILE = Plugins/CWWindowController/Info.plist;
				INSTALL_PATH = "$(HOME)/Library/Bundles";
				OTHER_LDFLAGS = (
					"-framework",
					Foundation,
					"-framework",
					AppKit,
					"-undefined",
					dynamic_lookup,
				);
				PREBINDING = NO;
				PRODUCT_NAME = CWWindowController;
				WRAPPER_EXTENSION = plugin;
				ZERO_LINK = NO;
			};
			name = Release;
		};
		C01FCF4B08A954540054247B /* Debug */ = {
			isa = XCBuildConfiguration;
			buildSettings = {
				ALWAYS_SEARCH_USER_PATHS = NO;
				COPY_PHASE_STRIP = NO;
				GCC_DYNAMIC_NO_PIC = NO;
				GCC_ENABLE_FIX_AND_CONTINUE = YES;
				GCC_MODEL_TUNING = G5;
				GCC_OPTIMIZATION_LEVEL = 0;
				GCC_PRECOMPILE_PREFIX_HEADER = YES;
				GCC_PREFIX_HEADER = CoverWall_Prefix.pch;
				HEADER_SEARCH_PATHS = (
					"../BDocuments/**",
					"../BLifecycle/**",
					"../BLicenseManager/**",
				);
				INFOPLIST_FILE = Info.plist;
				INSTALL_PATH = "$(HOME)/Applications";
				OTHER_LDFLAGS = (
					"-undefined",
					dynamic_lookup,
				);
				PRODUCT_NAME = CoverWall;
			};
			name = Debug;
		};
		C01FCF4C08A954540054247B /* Release */ = {
			isa = XCBuildConfiguration;
			buildSettings = {
				ALWAYS_SEARCH_USER_PATHS = NO;
				DEBUG_INFORMATION_FORMAT = "dwarf-with-dsym";
				GCC_MODEL_TUNING = G5;
				GCC_PRECOMPILE_PREFIX_HEADER = YES;
				GCC_PREFIX_HEADER = CoverWall_Prefix.pch;
				HEADER_SEARCH_PATHS = (
					"../BDocuments/**",
					"../BLifecycle/**",
					"../BLicenseManager/**",
				);
				INFOPLIST_FILE = Info.plist;
				INSTALL_PATH = "$(HOME)/Applications";
				OTHER_LDFLAGS = (
					"-undefined",
					dynamic_lookup,
				);
				PRODUCT_NAME = CoverWall;
			};
			name = Release;
		};
		C01FCF4F08A954540054247B /* Debug */ = {
			isa = XCBuildConfiguration;
			buildSettings = {
				ALWAYS_SEARCH_USER_PATHS = NO;
				ARCHS = "$(ARCHS_STANDARD_32_BIT)";
				GCC_C_LANGUAGE_STANDARD = c99;
				GCC_ENABLE_OBJC_GC = required;
				GCC_OPTIMIZATION_LEVEL = 0;
				GCC_WARN_ABOUT_RETURN_TYPE = YES;
				GCC_WARN_UNUSED_VARIABLE = YES;
				IBC_FLATTEN_NIBS = NO;
				ONLY_ACTIVE_ARCH = YES;
				PREBINDING = NO;
				SDKROOT = macosx10.5;
			};
			name = Debug;
		};
		C01FCF5008A954540054247B /* Release */ = {
			isa = XCBuildConfiguration;
			buildSettings = {
				ALWAYS_SEARCH_USER_PATHS = NO;
				ARCHS = "$(ARCHS_STANDARD_32_BIT)";
				GCC_C_LANGUAGE_STANDARD = c99;
				GCC_ENABLE_OBJC_GC = required;
				GCC_WARN_ABOUT_RETURN_TYPE = YES;
				GCC_WARN_UNUSED_VARIABLE = YES;
				IBC_FLATTEN_NIBS = NO;
				PREBINDING = NO;
				SDKROOT = macosx10.5;
			};
			name = Release;
		};
/* End XCBuildConfiguration section */

/* Begin XCConfigurationList section */
		88B2A1200DAC0CC000280971 /* Build configuration list for PBXNativeTarget "CWWindowController" */ = {
			isa = XCConfigurationList;
			buildConfigurations = (
				88B2A11E0DAC0CC000280971 /* Debug */,
				88B2A11F0DAC0CC000280971 /* Release */,
			);
			defaultConfigurationIsVisible = 0;
			defaultConfigurationName = Release;
		};
		C01FCF4A08A954540054247B /* Build configuration list for PBXNativeTarget "CoverWall" */ = {
			isa = XCConfigurationList;
			buildConfigurations = (
				C01FCF4B08A954540054247B /* Debug */,
				C01FCF4C08A954540054247B /* Release */,
			);
			defaultConfigurationIsVisible = 0;
			defaultConfigurationName = Release;
		};
		C01FCF4E08A954540054247B /* Build configuration list for PBXProject "CoverWall" */ = {
			isa = XCConfigurationList;
			buildConfigurations = (
				C01FCF4F08A954540054247B /* Debug */,
				C01FCF5008A954540054247B /* Release */,
			);
			defaultConfigurationIsVisible = 0;
			defaultConfigurationName = Release;
		};
/* End XCConfigurationList section */
	};
	rootObject = 29B97313FDCFA39411CA2CEA /* Project object */;
}
